
Microsoft Visual Studio Solution File, Format Version 12.00
# Visual Studio Version 16
VisualStudioVersion = 16.0.33423.256
MinimumVisualStudioVersion = 10.0.40219.1
Project("{FAE04EC0-301F-11D3-BF4B-00C04F79EFBC}") = "CeUAA11_2023_CARAjayson", "CeUAA11_2023_CARAjayson.csproj", "{41BB0C51-01F1-4F54-A21D-154C340042EC}"
EndProject
Global
	GlobalSection(SolutionConfigurationPlatforms) = preSolution
		Debug|Any CPU = Debug|Any CPU
		Release|Any CPU = Release|Any CPU
	EndGlobalSection
	GlobalSection(ProjectConfigurationPlatforms) = postSolution
		{41BB0C51-01F1-4F54-A21D-154C340042EC}.Debug|Any CPU.ActiveCfg = Debug|Any CPU
		{41BB0C51-01F1-4F54-A21D-154C340042EC}.Debug|Any CPU.Build.0 = Debug|Any CPU
		{41BB0C51-01F1-4F54-A21D-154C340042EC}.Release|Any CPU.ActiveCfg = Release|Any CPU
		{41BB0C51-01F1-4F54-A21D-154C340042EC}.Release|Any CPU.Build.0 = Release|Any CPU
	EndGlobalSection
	GlobalSection(SolutionProperties) = preSolution
		HideSolutionNode = FALSE
	EndGlobalSection
	GlobalSection(ExtensibilityGlobals) = postSolution
		SolutionGuid = {932BD873-F9CD-4E60-BDF5-1072B49014A7}
	EndGlobalSection
EndGlobal
