
Microsoft Visual Studio Solution File, Format Version 12.00
# Visual Studio Version 16
VisualStudioVersion = 16.0.32602.291
MinimumVisualStudioVersion = 10.0.40219.1
Project("{FAE04EC0-301F-11D3-BF4B-00C04F79EFBC}") = "Matorikkusu", "Matorikkusu.csproj", "{A100CE51-61E3-4470-BE8B-59AEB423DC9B}"
EndProject
Global
	GlobalSection(SolutionConfigurationPlatforms) = preSolution
		Debug|Any CPU = Debug|Any CPU
		Release|Any CPU = Release|Any CPU
	EndGlobalSection
	GlobalSection(ProjectConfigurationPlatforms) = postSolution
		{A100CE51-61E3-4470-BE8B-59AEB423DC9B}.Debug|Any CPU.ActiveCfg = Debug|Any CPU
		{A100CE51-61E3-4470-BE8B-59AEB423DC9B}.Debug|Any CPU.Build.0 = Debug|Any CPU
		{A100CE51-61E3-4470-BE8B-59AEB423DC9B}.Release|Any CPU.ActiveCfg = Release|Any CPU
		{A100CE51-61E3-4470-BE8B-59AEB423DC9B}.Release|Any CPU.Build.0 = Release|Any CPU
	EndGlobalSection
	GlobalSection(SolutionProperties) = preSolution
		HideSolutionNode = FALSE
	EndGlobalSection
	GlobalSection(ExtensibilityGlobals) = postSolution
		SolutionGuid = {BDF0B73E-23AD-408D-9B0E-B77A75466907}
	EndGlobalSection
EndGlobal
